
Microsoft Visual Studio Solution File, Format Version 12.00
# Visual Studio Version 16
VisualStudioVersion = 16.0.29806.167
MinimumVisualStudioVersion = 10.0.40219.1
Project("{FAE04EC0-301F-11D3-BF4B-00C04F79EFBC}") = "testDbFirst", "testDbFirst\testDbFirst.csproj", "{855F029E-6471-43F8-814A-417D9C6CDE20}"
EndProject
Global
	GlobalSection(SolutionConfigurationPlatforms) = preSolution
		Debug|Any CPU = Debug|Any CPU
		Release|Any CPU = Release|Any CPU
	EndGlobalSection
	GlobalSection(ProjectConfigurationPlatforms) = postSolution
		{855F029E-6471-43F8-814A-417D9C6CDE20}.Debug|Any CPU.ActiveCfg = Debug|Any CPU
		{855F029E-6471-43F8-814A-417D9C6CDE20}.Debug|Any CPU.Build.0 = Debug|Any CPU
		{855F029E-6471-43F8-814A-417D9C6CDE20}.Release|Any CPU.ActiveCfg = Release|Any CPU
		{855F029E-6471-43F8-814A-417D9C6CDE20}.Release|Any CPU.Build.0 = Release|Any CPU
	EndGlobalSection
	GlobalSection(SolutionProperties) = preSolution
		HideSolutionNode = FALSE
	EndGlobalSection
	GlobalSection(ExtensibilityGlobals) = postSolution
		SolutionGuid = {97444C8D-DCDD-498B-9EDC-15817D33E945}
	EndGlobalSection
EndGlobal
