
Microsoft Visual Studio Solution File, Format Version 12.00
# Visual Studio Version 16
VisualStudioVersion = 16.0.29905.134
MinimumVisualStudioVersion = 10.0.40219.1
Project("{FAE04EC0-301F-11D3-BF4B-00C04F79EFBC}") = "TryLogi", "TryLogi\TryLogi.csproj", "{5FBB90A6-745C-4B06-A767-623CD6E887A8}"
EndProject
Global
	GlobalSection(SolutionConfigurationPlatforms) = preSolution
		Debug|Any CPU = Debug|Any CPU
		Release|Any CPU = Release|Any CPU
	EndGlobalSection
	GlobalSection(ProjectConfigurationPlatforms) = postSolution
		{5FBB90A6-745C-4B06-A767-623CD6E887A8}.Debug|Any CPU.ActiveCfg = Debug|Any CPU
		{5FBB90A6-745C-4B06-A767-623CD6E887A8}.Debug|Any CPU.Build.0 = Debug|Any CPU
		{5FBB90A6-745C-4B06-A767-623CD6E887A8}.Release|Any CPU.ActiveCfg = Release|Any CPU
		{5FBB90A6-745C-4B06-A767-623CD6E887A8}.Release|Any CPU.Build.0 = Release|Any CPU
	EndGlobalSection
	GlobalSection(SolutionProperties) = preSolution
		HideSolutionNode = FALSE
	EndGlobalSection
	GlobalSection(ExtensibilityGlobals) = postSolution
		SolutionGuid = {92B9803E-78E3-4A5C-A4CA-E3CD7EF552AB}
	EndGlobalSection
EndGlobal
