
Microsoft Visual Studio Solution File, Format Version 12.00
# Visual Studio 15
VisualStudioVersion = 15.0.26730.16
MinimumVisualStudioVersion = 10.0.40219.1
Project("{FAE04EC0-301F-11D3-BF4B-00C04F79EFBC}") = "propertiesDemo", "propertiesDemo\propertiesDemo.csproj", "{39D841B7-8947-49FD-A36D-C47A1BB0899B}"
EndProject
Global
	GlobalSection(SolutionConfigurationPlatforms) = preSolution
		Debug|Any CPU = Debug|Any CPU
		Release|Any CPU = Release|Any CPU
	EndGlobalSection
	GlobalSection(ProjectConfigurationPlatforms) = postSolution
		{39D841B7-8947-49FD-A36D-C47A1BB0899B}.Debug|Any CPU.ActiveCfg = Debug|Any CPU
		{39D841B7-8947-49FD-A36D-C47A1BB0899B}.Debug|Any CPU.Build.0 = Debug|Any CPU
		{39D841B7-8947-49FD-A36D-C47A1BB0899B}.Release|Any CPU.ActiveCfg = Release|Any CPU
		{39D841B7-8947-49FD-A36D-C47A1BB0899B}.Release|Any CPU.Build.0 = Release|Any CPU
	EndGlobalSection
	GlobalSection(SolutionProperties) = preSolution
		HideSolutionNode = FALSE
	EndGlobalSection
	GlobalSection(ExtensibilityGlobals) = postSolution
		SolutionGuid = {348506C1-70A9-43E7-A274-687274C6789B}
	EndGlobalSection
EndGlobal
