
Microsoft Visual Studio Solution File, Format Version 12.00
# Visual Studio 15
VisualStudioVersion = 15.0.26730.16
MinimumVisualStudioVersion = 10.0.40219.1
Project("{FAE04EC0-301F-11D3-BF4B-00C04F79EFBC}") = "a1b10", "a1b10\a1b10.csproj", "{0A776665-4966-4E4F-9E5C-D3F8C72561F1}"
EndProject
Global
	GlobalSection(SolutionConfigurationPlatforms) = preSolution
		Debug|Any CPU = Debug|Any CPU
		Release|Any CPU = Release|Any CPU
	EndGlobalSection
	GlobalSection(ProjectConfigurationPlatforms) = postSolution
		{0A776665-4966-4E4F-9E5C-D3F8C72561F1}.Debug|Any CPU.ActiveCfg = Debug|Any CPU
		{0A776665-4966-4E4F-9E5C-D3F8C72561F1}.Debug|Any CPU.Build.0 = Debug|Any CPU
		{0A776665-4966-4E4F-9E5C-D3F8C72561F1}.Release|Any CPU.ActiveCfg = Release|Any CPU
		{0A776665-4966-4E4F-9E5C-D3F8C72561F1}.Release|Any CPU.Build.0 = Release|Any CPU
	EndGlobalSection
	GlobalSection(SolutionProperties) = preSolution
		HideSolutionNode = FALSE
	EndGlobalSection
	GlobalSection(ExtensibilityGlobals) = postSolution
		SolutionGuid = {BE62A49E-F2C2-496A-BD08-805C27A89211}
	EndGlobalSection
EndGlobal
