
Microsoft Visual Studio Solution File, Format Version 12.00
# Visual Studio 15
VisualStudioVersion = 15.0.26730.16
MinimumVisualStudioVersion = 10.0.40219.1
Project("{FAE04EC0-301F-11D3-BF4B-00C04F79EFBC}") = "ClassLibCalculation", "ClassLinCalculation\ClassLibCalculation.csproj", "{D160239A-871C-4DAB-8881-FF7479C1CAC5}"
EndProject
Global
	GlobalSection(SolutionConfigurationPlatforms) = preSolution
		Debug|Any CPU = Debug|Any CPU
		Release|Any CPU = Release|Any CPU
	EndGlobalSection
	GlobalSection(ProjectConfigurationPlatforms) = postSolution
		{D160239A-871C-4DAB-8881-FF7479C1CAC5}.Debug|Any CPU.ActiveCfg = Debug|Any CPU
		{D160239A-871C-4DAB-8881-FF7479C1CAC5}.Debug|Any CPU.Build.0 = Debug|Any CPU
		{D160239A-871C-4DAB-8881-FF7479C1CAC5}.Release|Any CPU.ActiveCfg = Release|Any CPU
		{D160239A-871C-4DAB-8881-FF7479C1CAC5}.Release|Any CPU.Build.0 = Release|Any CPU
	EndGlobalSection
	GlobalSection(SolutionProperties) = preSolution
		HideSolutionNode = FALSE
	EndGlobalSection
	GlobalSection(ExtensibilityGlobals) = postSolution
		SolutionGuid = {DAA9B4B8-0DF5-461F-BDD2-436FFE89B5CD}
	EndGlobalSection
EndGlobal
