
Microsoft Visual Studio Solution File, Format Version 12.00
# Visual Studio 15
VisualStudioVersion = 15.0.26730.16
MinimumVisualStudioVersion = 10.0.40219.1
Project("{FAE04EC0-301F-11D3-BF4B-00C04F79EFBC}") = "WebApiSample", "WebApiSample\WebApiSample.csproj", "{2111CD43-DE61-4579-AC1E-E81594605B42}"
EndProject
Global
	GlobalSection(SolutionConfigurationPlatforms) = preSolution
		Debug|Any CPU = Debug|Any CPU
		Release|Any CPU = Release|Any CPU
	EndGlobalSection
	GlobalSection(ProjectConfigurationPlatforms) = postSolution
		{2111CD43-DE61-4579-AC1E-E81594605B42}.Debug|Any CPU.ActiveCfg = Debug|Any CPU
		{2111CD43-DE61-4579-AC1E-E81594605B42}.Debug|Any CPU.Build.0 = Debug|Any CPU
		{2111CD43-DE61-4579-AC1E-E81594605B42}.Release|Any CPU.ActiveCfg = Release|Any CPU
		{2111CD43-DE61-4579-AC1E-E81594605B42}.Release|Any CPU.Build.0 = Release|Any CPU
	EndGlobalSection
	GlobalSection(SolutionProperties) = preSolution
		HideSolutionNode = FALSE
	EndGlobalSection
	GlobalSection(ExtensibilityGlobals) = postSolution
		SolutionGuid = {02DE226A-96ED-4E73-8347-02E0BA79D410}
	EndGlobalSection
EndGlobal
