
Microsoft Visual Studio Solution File, Format Version 12.00
# Visual Studio 15
VisualStudioVersion = 15.0.26730.16
MinimumVisualStudioVersion = 10.0.40219.1
Project("{FAE04EC0-301F-11D3-BF4B-00C04F79EFBC}") = "anonymousMethod", "anonymousMethod\anonymousMethod.csproj", "{AD82E22A-CB20-44C1-BBFD-E56F541A997A}"
EndProject
Global
	GlobalSection(SolutionConfigurationPlatforms) = preSolution
		Debug|Any CPU = Debug|Any CPU
		Release|Any CPU = Release|Any CPU
	EndGlobalSection
	GlobalSection(ProjectConfigurationPlatforms) = postSolution
		{AD82E22A-CB20-44C1-BBFD-E56F541A997A}.Debug|Any CPU.ActiveCfg = Debug|Any CPU
		{AD82E22A-CB20-44C1-BBFD-E56F541A997A}.Debug|Any CPU.Build.0 = Debug|Any CPU
		{AD82E22A-CB20-44C1-BBFD-E56F541A997A}.Release|Any CPU.ActiveCfg = Release|Any CPU
		{AD82E22A-CB20-44C1-BBFD-E56F541A997A}.Release|Any CPU.Build.0 = Release|Any CPU
	EndGlobalSection
	GlobalSection(SolutionProperties) = preSolution
		HideSolutionNode = FALSE
	EndGlobalSection
	GlobalSection(ExtensibilityGlobals) = postSolution
		SolutionGuid = {A10200FD-4AE3-4EAE-9B2F-C3D6CDB1F2D2}
	EndGlobalSection
EndGlobal
