
Microsoft Visual Studio Solution File, Format Version 12.00
# Visual Studio 15
VisualStudioVersion = 15.0.26730.16
MinimumVisualStudioVersion = 10.0.40219.1
Project("{FAE04EC0-301F-11D3-BF4B-00C04F79EFBC}") = "Product", "Product\Product.csproj", "{C6983A8A-6321-4CEE-9178-4C96B8377FDD}"
EndProject
Global
	GlobalSection(SolutionConfigurationPlatforms) = preSolution
		Debug|Any CPU = Debug|Any CPU
		Release|Any CPU = Release|Any CPU
	EndGlobalSection
	GlobalSection(ProjectConfigurationPlatforms) = postSolution
		{C6983A8A-6321-4CEE-9178-4C96B8377FDD}.Debug|Any CPU.ActiveCfg = Debug|Any CPU
		{C6983A8A-6321-4CEE-9178-4C96B8377FDD}.Debug|Any CPU.Build.0 = Debug|Any CPU
		{C6983A8A-6321-4CEE-9178-4C96B8377FDD}.Release|Any CPU.ActiveCfg = Release|Any CPU
		{C6983A8A-6321-4CEE-9178-4C96B8377FDD}.Release|Any CPU.Build.0 = Release|Any CPU
	EndGlobalSection
	GlobalSection(SolutionProperties) = preSolution
		HideSolutionNode = FALSE
	EndGlobalSection
	GlobalSection(ExtensibilityGlobals) = postSolution
		SolutionGuid = {E1C13DAE-A433-46B8-A7DF-5FDCC5D779DD}
	EndGlobalSection
EndGlobal
