
Microsoft Visual Studio Solution File, Format Version 12.00
# Visual Studio 15
VisualStudioVersion = 15.0.26730.16
MinimumVisualStudioVersion = 10.0.40219.1
Project("{FAE04EC0-301F-11D3-BF4B-00C04F79EFBC}") = "spliStringDemo", "spliStringDemo\spliStringDemo.csproj", "{38F9FB19-F00A-4656-A36C-A86D9F85480B}"
EndProject
Global
	GlobalSection(SolutionConfigurationPlatforms) = preSolution
		Debug|Any CPU = Debug|Any CPU
		Release|Any CPU = Release|Any CPU
	EndGlobalSection
	GlobalSection(ProjectConfigurationPlatforms) = postSolution
		{38F9FB19-F00A-4656-A36C-A86D9F85480B}.Debug|Any CPU.ActiveCfg = Debug|Any CPU
		{38F9FB19-F00A-4656-A36C-A86D9F85480B}.Debug|Any CPU.Build.0 = Debug|Any CPU
		{38F9FB19-F00A-4656-A36C-A86D9F85480B}.Release|Any CPU.ActiveCfg = Release|Any CPU
		{38F9FB19-F00A-4656-A36C-A86D9F85480B}.Release|Any CPU.Build.0 = Release|Any CPU
	EndGlobalSection
	GlobalSection(SolutionProperties) = preSolution
		HideSolutionNode = FALSE
	EndGlobalSection
	GlobalSection(ExtensibilityGlobals) = postSolution
		SolutionGuid = {EC103B53-1DF9-4938-88D1-76982BD0F9B9}
	EndGlobalSection
EndGlobal
