
Microsoft Visual Studio Solution File, Format Version 12.00
# Visual Studio 15
VisualStudioVersion = 15.0.26730.16
MinimumVisualStudioVersion = 10.0.40219.1
Project("{FAE04EC0-301F-11D3-BF4B-00C04F79EFBC}") = "programFive", "programFive\programFive.csproj", "{3C67C435-5025-46D1-AA15-24AA6D59E7A9}"
EndProject
Global
	GlobalSection(SolutionConfigurationPlatforms) = preSolution
		Debug|Any CPU = Debug|Any CPU
		Release|Any CPU = Release|Any CPU
	EndGlobalSection
	GlobalSection(ProjectConfigurationPlatforms) = postSolution
		{3C67C435-5025-46D1-AA15-24AA6D59E7A9}.Debug|Any CPU.ActiveCfg = Debug|Any CPU
		{3C67C435-5025-46D1-AA15-24AA6D59E7A9}.Debug|Any CPU.Build.0 = Debug|Any CPU
		{3C67C435-5025-46D1-AA15-24AA6D59E7A9}.Release|Any CPU.ActiveCfg = Release|Any CPU
		{3C67C435-5025-46D1-AA15-24AA6D59E7A9}.Release|Any CPU.Build.0 = Release|Any CPU
	EndGlobalSection
	GlobalSection(SolutionProperties) = preSolution
		HideSolutionNode = FALSE
	EndGlobalSection
	GlobalSection(ExtensibilityGlobals) = postSolution
		SolutionGuid = {40D4D9DA-1F72-4DEF-BD2D-9F599EBC85E7}
	EndGlobalSection
EndGlobal
