
Microsoft Visual Studio Solution File, Format Version 12.00
# Visual Studio Version 16
VisualStudioVersion = 16.0.29806.167
MinimumVisualStudioVersion = 10.0.40219.1
Project("{FAE04EC0-301F-11D3-BF4B-00C04F79EFBC}") = "emailTask", "emailTask\emailTask.csproj", "{AA71FCC4-645B-461D-A957-E14CF1FEEF3C}"
EndProject
Global
	GlobalSection(SolutionConfigurationPlatforms) = preSolution
		Debug|Any CPU = Debug|Any CPU
		Release|Any CPU = Release|Any CPU
	EndGlobalSection
	GlobalSection(ProjectConfigurationPlatforms) = postSolution
		{AA71FCC4-645B-461D-A957-E14CF1FEEF3C}.Debug|Any CPU.ActiveCfg = Debug|Any CPU
		{AA71FCC4-645B-461D-A957-E14CF1FEEF3C}.Debug|Any CPU.Build.0 = Debug|Any CPU
		{AA71FCC4-645B-461D-A957-E14CF1FEEF3C}.Release|Any CPU.ActiveCfg = Release|Any CPU
		{AA71FCC4-645B-461D-A957-E14CF1FEEF3C}.Release|Any CPU.Build.0 = Release|Any CPU
	EndGlobalSection
	GlobalSection(SolutionProperties) = preSolution
		HideSolutionNode = FALSE
	EndGlobalSection
	GlobalSection(ExtensibilityGlobals) = postSolution
		SolutionGuid = {9EFDCA1B-B765-4B3F-A31F-B68CFE1ED2C3}
	EndGlobalSection
EndGlobal
