
Microsoft Visual Studio Solution File, Format Version 12.00
# Visual Studio 15
VisualStudioVersion = 15.0.26730.16
MinimumVisualStudioVersion = 10.0.40219.1
Project("{FAE04EC0-301F-11D3-BF4B-00C04F79EFBC}") = "trycatch", "trycatch\trycatch.csproj", "{0D57C143-FF24-45BA-B75D-99BA84D27BC5}"
EndProject
Global
	GlobalSection(SolutionConfigurationPlatforms) = preSolution
		Debug|Any CPU = Debug|Any CPU
		Release|Any CPU = Release|Any CPU
	EndGlobalSection
	GlobalSection(ProjectConfigurationPlatforms) = postSolution
		{0D57C143-FF24-45BA-B75D-99BA84D27BC5}.Debug|Any CPU.ActiveCfg = Debug|Any CPU
		{0D57C143-FF24-45BA-B75D-99BA84D27BC5}.Debug|Any CPU.Build.0 = Debug|Any CPU
		{0D57C143-FF24-45BA-B75D-99BA84D27BC5}.Release|Any CPU.ActiveCfg = Release|Any CPU
		{0D57C143-FF24-45BA-B75D-99BA84D27BC5}.Release|Any CPU.Build.0 = Release|Any CPU
	EndGlobalSection
	GlobalSection(SolutionProperties) = preSolution
		HideSolutionNode = FALSE
	EndGlobalSection
	GlobalSection(ExtensibilityGlobals) = postSolution
		SolutionGuid = {671AD207-FDA0-4E49-A1FC-427E7ADFF57F}
	EndGlobalSection
EndGlobal
